flamingo.me/dingo v0.2.9 h1:HL7YV4iv3F6xLcUPvIBEzdkbhBSb6PukkZdoOZ8H+Eo=
flamingo.me/dingo v0.2.9/go.mod h1:NXspAYkbktnP0EKs/27QW6Evija8WZfWGtrMcauOejQ=
github.com/Fs02/wire v1.0.2 h1:rd8+cegxKDNBNdoXkyho0Qn3oWE1kQI4Bke04PFHkvs=
github.com/Fs02/wire v1.0.2/go.mod h1:HHJ56cG4aErjoQ+ht8IDC/TXtDu2y8no56sVc/fR7y8=
github.com/davecgh/go-spew v1.1.0/go.mod h1:J7Y8YcW2NihsgmVo/mv3lAwl/skON4iLHjSsI+c5H38=
github.com/davecgh/go-spew v1.1.1/go.mod h1:J7Y8YcW2NihsgmVo/mv3lAwl/skON4iLHjSsI+c5H38=
github.com/go-kata/kdone v0.2.9 h1:9BSWSPGcmw8486++Q25etFSQHAgn67yk3zWnDWQxFeM=
github.com/go-kata/kdone v0.2.9/go.mod h1:Gzy2EMW/nFYN+eJqaiF8JNvRc0j0dwhOUFQ8Cf6rfUs=
github.com/go-kata/kerror v0.4.0 h1:7B5ORGYbXuykGt51nMlKMqusRFO6AoMOpzlxLqK2eSM=
github.com/go-kata/kerror v0.4.0/go.mod h1:TtwtjetJ75COpTfrJBL9y2q4MEbDWt1r/FeF5M+5xlw=
github.com/go-kata/kinit v0.5.2 h1:5vxqiV7caBWVclKdJ8kLPY6BSlMWxPEWr4F/4MN2D6A=
github.com/go-kata/kinit v0.5.2/go.mod h1:QeWFwoVvLT8bs+1/j0rMPjkmWbLA6+qzPgNzQHF4P1M=
github.com/goava/di v1.11.1 h1:9NBVyaoa0A5fmAfwWEaA8odHGWdgXTLW4EOti4qo72U=
github.com/goava/di v1.11.1/go.mod h1:ToepvYlpTdC7DrFggmv/TyKIuezBLvAXlRxJkOvtemo=
github.com/goioc/di v1.7.1 h1:sFTKtLTDKsRv55up5ExFhih/jvVcrmKPHNZjYgNMEcA=
github.com/goioc/di v1.7.1/go.mod h1:LX9wBIOwhLjwqYhliNqCS8He4QY6OwpCgFGw7gyDtA8=
github.com/golobby/container/v3 v3.3.0 h1:ohPSWUUY67yvOhIBVC9Wv1pnsh8iOwRS0U1M1bjKBG8=
github.com/golobby/container/v3 v3.3.0/go.mod h1:RDdKpnKpV1Of11PFBe7Dxc2C1k2KaLE4FD47FflAmj0=
github.com/pmezard/go-difflib v1.0.0/go.mod h1:iKH77koFhYxTK1pcRnkKkqfTogsbg7gZNVY4sRDYZ/4=
github.com/samber/do v1.4.1 h1:4Yz8hFm1xVCjBK7fQIeEROg9XiYKkuHt8fL6mXdVWPk=
github.com/samber/do v1.4.1/go.mod h1:xwCO5lXRivdZzNXuCegYgF0IlRioumVq8mnF5JNNKOU=
github.com/sirupsen/logrus v1.8.1 h1:dJKuHgqk1NNQlqoA6BTlM1Wf9DOH3NBjQyu0h9+AZZE=
github.com/sirupsen/logrus v1.8.1/go.mod h1:yWOB1SBYBC5VeMP7gHvWumXLIWorT60ONWic61uBYv0=
github.com/stretchr/objx v0.1.0/go.mod h1:HFkY916IF+rwdDfMAkV7OtwuqBVzrE8GR6GFx+wExME=
github.com/stretchr/testify v1.2.2/go.mod h1:a8OnRcib4nhh0OaRAV+Yts87kKdq0PP7pXfy6kDkUVs=
github.com/stretchr/testify v1.4.0/go.mod h1:j7eGeouHqKxXV5pUuKE4zz7dFj8WfuZ+81PSLYec5m4=
github.com/vardius/gocontainer v1.0.3 h1:SD6GFnW/k0q1n4o7gLWie2kH1iBYNyKJl5hu9P3pQGQ=
github.com/vardius/gocontainer v1.0.3/go.mod h1:9H+u2t/TmBGPbBGAvp74jKMxJ0yE9flVP4GGlyOkX8E=
go.uber.org/dig v1.15.0 h1:vq3YWr8zRj1eFGC7Gvf907hE0eRjPTZ1d3xHadD6liE=
go.uber.org/dig v1.15.0/go.mod h1:pKHs0wMynzL6brANhB2hLMro+zalv1osARTviTcqHLM=
golang.org/x/crypto v0.0.0-20190308221718-c2843e01d9a2/go.mod h1:djNgcEr1/C05ACkg1iLfiJU5Ep61QUkGW8qpdssI0+w=
golang.org/x/lint v0.0.0-20191125180803-fdd1cda4f05f/go.mod h1:5qLYkcX4OjUUV8bRuDixDT3tpyyb+LUpUlRWLxfhWrs=
golang.org/x/net v0.0.0-20190620200207-3b0461eec859/go.mod h1:z5CRVTTTmAJ677TzLLGU+0bjPO0LkuOLi4/5GtJWs/s=
golang.org/x/sync v0.0.0-20190423024810-112230192c58/go.mod h1:RxMgew5VJxzue5/jJTE5uejpjVlOe/izrB70Jof72aM=
golang.org/x/sys v0.0.0-20190215142949-d0b11bdaac8a/go.mod h1:STP8DvDyc/dI5b8T5hshtkjS+E42TnysNCUPdjciGhY=
golang.org/x/sys v0.0.0-20191026070338-33540a1f6037/go.mod h1:h1NjWce9XRLGQEsW7wpKNCjG9DtNlClVuFLEZdDNbEs=
golang.org/x/sys v0.0.0-20220319134239-a9b59b0215f8 h1:OH54vjqzRWmbJ62fjuhxy7AxFFgoHN0/DPc/UrL8cAs=
golang.org/x/sys v0.0.0-20220319134239-a9b59b0215f8/go.mod h1:oPkhp1MJrh7nUepCBck5+mAzfO9JrbApNNgaTdGDITg=
golang.org/x/text v0.3.0/go.mod h1:NqM8EUOU14njkJ3fqMW+pc6Ldnwhi/IjpwHt7yyuwOQ=
golang.org/x/tools v0.0.0-20191125144606-a911d9008d1f/go.mod h1:b+2E5dAYhXwXZwtnZ6UAqBI28+e2cm9otk0dWdXHAEo=
golang.org/x/xerrors v0.0.0-20190717185122-a985d3407aa7/go.mod h1:I/5z698sn9Ka8TeJc9MKroUUfqBBauWjQqLJ2OPfmY0=
gopkg.in/check.v1 v0.0.0-20161208181325-20d25e280405/go.mod h1:Co6ibVJAznAaIkqp8huTwlJQCZ016jof/cbN4VW5Yz0=
gopkg.in/yaml.v2 v2.2.2/go.mod h1:hI93XBmqTisBFMUTm0b8Fm+jr3Dg1NNxqwp+5A1VGuI=
